
Microsoft Visual Studio Solution File, Format Version 12.00
# Visual Studio Version 17
VisualStudioVersion = 17.3.32901.215
MinimumVisualStudioVersion = 10.0.40219.1
Project("{FAE04EC0-301F-11D3-BF4B-00C04F79EFBC}") = "BootstrapApp", "BootstrapApp.csproj", "{CCA61B33-7A51-4092-B680-51CDF71B6159}"
EndProject
Global
	GlobalSection(SolutionConfigurationPlatforms) = preSolution
		Debug|Any CPU = Debug|Any CPU
		Release|Any CPU = Release|Any CPU
	EndGlobalSection
	GlobalSection(ProjectConfigurationPlatforms) = postSolution
		{CCA61B33-7A51-4092-B680-51CDF71B6159}.Debug|Any CPU.ActiveCfg = Debug|Any CPU
		{CCA61B33-7A51-4092-B680-51CDF71B6159}.Debug|Any CPU.Build.0 = Debug|Any CPU
		{CCA61B33-7A51-4092-B680-51CDF71B6159}.Release|Any CPU.ActiveCfg = Release|Any CPU
		{CCA61B33-7A51-4092-B680-51CDF71B6159}.Release|Any CPU.Build.0 = Release|Any CPU
	EndGlobalSection
	GlobalSection(SolutionProperties) = preSolution
		HideSolutionNode = FALSE
	EndGlobalSection
	GlobalSection(ExtensibilityGlobals) = postSolution
		SolutionGuid = {09627FAF-CDD1-4025-9831-80BA58915C02}
	EndGlobalSection
EndGlobal
